{
  "projects": [
    {
      "projectId": "wsRXF2j5MAPa2EH2XkCbWH",
      "version": "latest",
      "dependencies": {},
      "lang": "js",
      "fileLocks": [
        {
          "type": "globalVariant",
          "assetId": "k702YoelP3ze",
          "checksum": "f737c9f9b84934c85cc7ed57d5075e4d"
        },
        {
          "type": "renderModule",
          "assetId": "-FouedilvpF8",
          "checksum": "7d22d2f3e31c68d06730c59339e10a4b"
        },
        {
          "type": "cssRules",
          "assetId": "-FouedilvpF8",
          "checksum": "7d22d2f3e31c68d06730c59339e10a4b"
        },
        {
          "type": "renderModule",
          "assetId": "LPkJNTjVmA5d",
          "checksum": "519e2107db0d9c5fdef5baca711950b6"
        },
        {
          "type": "cssRules",
          "assetId": "LPkJNTjVmA5d",
          "checksum": "519e2107db0d9c5fdef5baca711950b6"
        },
        {
          "type": "renderModule",
          "assetId": "4WAwdYQPvRJW",
          "checksum": "0b9d5680c93f4bc771c53c86b217ceda"
        },
        {
          "type": "cssRules",
          "assetId": "4WAwdYQPvRJW",
          "checksum": "0b9d5680c93f4bc771c53c86b217ceda"
        },
        {
          "type": "renderModule",
          "assetId": "u3HUpc_KJfUr",
          "checksum": "f19e6f767ae89df2f0d3ab39f1984564"
        },
        {
          "type": "cssRules",
          "assetId": "u3HUpc_KJfUr",
          "checksum": "f19e6f767ae89df2f0d3ab39f1984564"
        },
        {
          "type": "renderModule",
          "assetId": "nXqn6U20uS6-",
          "checksum": "8d33823a87cb42808d088351f899b257"
        },
        {
          "type": "cssRules",
          "assetId": "nXqn6U20uS6-",
          "checksum": "8d33823a87cb42808d088351f899b257"
        },
        {
          "type": "renderModule",
          "assetId": "HJQvpfJRA4yw",
          "checksum": "95c3c89fa877ffec04a0234584784e62"
        },
        {
          "type": "cssRules",
          "assetId": "HJQvpfJRA4yw",
          "checksum": "95c3c89fa877ffec04a0234584784e62"
        },
        {
          "type": "renderModule",
          "assetId": "kXXSiZzhuJHJ",
          "checksum": "d4266169f75522df5ae0281bcc9f66ff"
        },
        {
          "type": "cssRules",
          "assetId": "kXXSiZzhuJHJ",
          "checksum": "d4266169f75522df5ae0281bcc9f66ff"
        },
        {
          "type": "renderModule",
          "assetId": "a3Y-HjSmFyWC",
          "checksum": "e998bcc7fa15e4e22e5a75ef116ff1ad"
        },
        {
          "type": "cssRules",
          "assetId": "a3Y-HjSmFyWC",
          "checksum": "e998bcc7fa15e4e22e5a75ef116ff1ad"
        },
        {
          "type": "renderModule",
          "assetId": "XC4xprCxMga4",
          "checksum": "080176398c731b1442ab8be95d63f15e"
        },
        {
          "type": "cssRules",
          "assetId": "XC4xprCxMga4",
          "checksum": "080176398c731b1442ab8be95d63f15e"
        },
        {
          "type": "renderModule",
          "assetId": "VgZXOGCT6Ve9",
          "checksum": "ad2424a5e794b3e7d173d8bd31989849"
        },
        {
          "type": "cssRules",
          "assetId": "VgZXOGCT6Ve9",
          "checksum": "ad2424a5e794b3e7d173d8bd31989849"
        },
        {
          "type": "renderModule",
          "assetId": "3cXt94QRBKke",
          "checksum": "4f84525bc93e18a439d890aa24e26ceb"
        },
        {
          "type": "cssRules",
          "assetId": "3cXt94QRBKke",
          "checksum": "4f84525bc93e18a439d890aa24e26ceb"
        },
        {
          "type": "renderModule",
          "assetId": "UOMGE3gkcKxO",
          "checksum": "396d98a2776445e145ee97324d826dc6"
        },
        {
          "type": "cssRules",
          "assetId": "UOMGE3gkcKxO",
          "checksum": "396d98a2776445e145ee97324d826dc6"
        },
        {
          "type": "renderModule",
          "assetId": "zPgNTlH1TW2e",
          "checksum": "bde1a57f0e7549bfdcf091713fb8a674"
        },
        {
          "type": "cssRules",
          "assetId": "zPgNTlH1TW2e",
          "checksum": "bde1a57f0e7549bfdcf091713fb8a674"
        },
        {
          "type": "renderModule",
          "assetId": "hziPCigE40Ol",
          "checksum": "51579034172d29558498bbf7e68c0a05"
        },
        {
          "type": "cssRules",
          "assetId": "hziPCigE40Ol",
          "checksum": "51579034172d29558498bbf7e68c0a05"
        },
        {
          "type": "renderModule",
          "assetId": "3TiJbjI8iVeh",
          "checksum": "b946ae15b711f1adecef1aa1207f8fb5"
        },
        {
          "type": "cssRules",
          "assetId": "3TiJbjI8iVeh",
          "checksum": "b946ae15b711f1adecef1aa1207f8fb5"
        },
        {
          "type": "renderModule",
          "assetId": "1Xj9IcyNJkl8",
          "checksum": "50417119071837793792c631f0b7dc58"
        },
        {
          "type": "cssRules",
          "assetId": "1Xj9IcyNJkl8",
          "checksum": "50417119071837793792c631f0b7dc58"
        },
        {
          "type": "renderModule",
          "assetId": "Gvwa1hVDjNxF",
          "checksum": "3ca67fee8411077799f7aae7af6450fb"
        },
        {
          "type": "cssRules",
          "assetId": "Gvwa1hVDjNxF",
          "checksum": "3ca67fee8411077799f7aae7af6450fb"
        },
        {
          "type": "renderModule",
          "assetId": "sXUrTJOQrB6Q",
          "checksum": "4fbf4b8eeb45abc848d872315e104f90"
        },
        {
          "type": "cssRules",
          "assetId": "sXUrTJOQrB6Q",
          "checksum": "4fbf4b8eeb45abc848d872315e104f90"
        },
        {
          "type": "renderModule",
          "assetId": "iwL33CZyF6Wv",
          "checksum": "650c3b6b05f76e13bd7e9d5059e1b37d"
        },
        {
          "type": "cssRules",
          "assetId": "iwL33CZyF6Wv",
          "checksum": "650c3b6b05f76e13bd7e9d5059e1b37d"
        },
        {
          "type": "renderModule",
          "assetId": "p91gR9hLgYY3",
          "checksum": "6ea9450725d1877022ebd3b05e54b987"
        },
        {
          "type": "cssRules",
          "assetId": "p91gR9hLgYY3",
          "checksum": "6ea9450725d1877022ebd3b05e54b987"
        },
        {
          "type": "renderModule",
          "assetId": "YMGP7swsZj",
          "checksum": "7de7f5503b207427e485af302f583b69"
        },
        {
          "type": "cssRules",
          "assetId": "YMGP7swsZj",
          "checksum": "7de7f5503b207427e485af302f583b69"
        },
        {
          "type": "renderModule",
          "assetId": "FQcGunBNSB",
          "checksum": "653925d881259b24b640e085f25f3776"
        },
        {
          "type": "cssRules",
          "assetId": "FQcGunBNSB",
          "checksum": "653925d881259b24b640e085f25f3776"
        },
        {
          "type": "renderModule",
          "assetId": "gtvxf4CXKCY",
          "checksum": "902c2146b3e4886341eee912660c9a32"
        },
        {
          "type": "cssRules",
          "assetId": "gtvxf4CXKCY",
          "checksum": "902c2146b3e4886341eee912660c9a32"
        },
        {
          "type": "renderModule",
          "assetId": "1SCuxqmrOn7",
          "checksum": "b23a0ccd12c9b4e26ed9c6f9f47cf572"
        },
        {
          "type": "cssRules",
          "assetId": "1SCuxqmrOn7",
          "checksum": "b23a0ccd12c9b4e26ed9c6f9f47cf572"
        },
        {
          "type": "renderModule",
          "assetId": "froU7l2eiaU",
          "checksum": "ac2f9851f35a0ca1ec14d241e37979dd"
        },
        {
          "type": "cssRules",
          "assetId": "froU7l2eiaU",
          "checksum": "ac2f9851f35a0ca1ec14d241e37979dd"
        },
        {
          "type": "renderModule",
          "assetId": "ymFVcsc07v",
          "checksum": "e4df0fae6628b805e7bfdeda65279662"
        },
        {
          "type": "cssRules",
          "assetId": "ymFVcsc07v",
          "checksum": "e4df0fae6628b805e7bfdeda65279662"
        },
        {
          "type": "renderModule",
          "assetId": "j6VHmpwuKzO",
          "checksum": "fd0358c658511a4f3c2c151ea4085174"
        },
        {
          "type": "cssRules",
          "assetId": "j6VHmpwuKzO",
          "checksum": "fd0358c658511a4f3c2c151ea4085174"
        },
        {
          "type": "renderModule",
          "assetId": "IMmkUl7JTNl",
          "checksum": "f0cee02f1db873a0fbc51d582b5db332"
        },
        {
          "type": "cssRules",
          "assetId": "IMmkUl7JTNl",
          "checksum": "f0cee02f1db873a0fbc51d582b5db332"
        },
        {
          "type": "icon",
          "assetId": "Mr0P4aP4YFI_",
          "checksum": "ea6652a7b00bcf83b8b57be2ee3f0439"
        },
        {
          "type": "icon",
          "assetId": "BlveaajrUQt0",
          "checksum": "bbac606d0784aaff9b05eae0604d6c5a"
        },
        {
          "type": "icon",
          "assetId": "mCQmbx_UCDP_",
          "checksum": "f471fb9d877f7d176d25be2e093b6d19"
        },
        {
          "type": "icon",
          "assetId": "NMaiZAwp1RLX",
          "checksum": "525507c5df196652414af638c3c7e9b7"
        },
        {
          "type": "icon",
          "assetId": "sth0rOpjGBUT",
          "checksum": "3f1ff72eadf40c8846e9ffefc298aa9d"
        },
        {
          "type": "icon",
          "assetId": "J79J3Fn5i6AO",
          "checksum": "117cd87a42544b28d858cb205ea6d1ce"
        },
        {
          "type": "icon",
          "assetId": "XzTU59vWjWK-",
          "checksum": "2ea930840b5910b18f5bb6da59a1e974"
        },
        {
          "type": "icon",
          "assetId": "4Q_PS3iFBpck",
          "checksum": "726b8fb34e9b10fd912f2696984f4bb8"
        },
        {
          "type": "icon",
          "assetId": "DHDiQduGgoVV",
          "checksum": "d08e7b23191f0db301ff756113ca06ae"
        },
        {
          "type": "icon",
          "assetId": "LxjWj4rgvA1I",
          "checksum": "4ec14287fb532f0398cc198b929e2686"
        },
        {
          "type": "icon",
          "assetId": "9YAqV-BggB1W",
          "checksum": "48ea975142bfc48789ec4888c8946e1c"
        },
        {
          "type": "icon",
          "assetId": "dACW4CNxAiAj",
          "checksum": "ccfcde544e29607cd3bdec18997e0b81"
        },
        {
          "type": "icon",
          "assetId": "Hc5XEg5ZBHkC",
          "checksum": "8a99d32ab0dd51c05ad1708d4c9d879e"
        },
        {
          "type": "icon",
          "assetId": "bSjUcOohvTSQ",
          "checksum": "1bdb60001eec3a8708a04cd892ee0af7"
        },
        {
          "type": "icon",
          "assetId": "VISYn6FlhCX8",
          "checksum": "d5f8cdbf946cf60035940f75025d2ba2"
        },
        {
          "type": "icon",
          "assetId": "TexMxJ0_e7e0",
          "checksum": "d2cafa63dd68c94c5069349fc8709a51"
        },
        {
          "type": "icon",
          "assetId": "dDDsqr_IzqaC",
          "checksum": "93584a08d6647825cb1b2cf3fe2a239b"
        },
        {
          "type": "icon",
          "assetId": "HmqbLf-wN8-Q",
          "checksum": "b103b7aa11af432e0502f43e188fcc7e"
        },
        {
          "type": "icon",
          "assetId": "SrJCky5IumiA",
          "checksum": "fcb9e02f2013d4e8881f55e9b6d7de7c"
        },
        {
          "type": "icon",
          "assetId": "xSFo3jGTyj_I",
          "checksum": "b9b260edbfc1ab85dfe2ec1e1bb8e117"
        },
        {
          "type": "icon",
          "assetId": "b69jON9JHFWh",
          "checksum": "387fc4a4e6ff8a9261bb51278fc0141e"
        },
        {
          "type": "icon",
          "assetId": "HjikApCO2VX9",
          "checksum": "0e47f7db3fca4def10fc320fdc02ee87"
        },
        {
          "type": "icon",
          "assetId": "o8FsI2Crd5Vn",
          "checksum": "2c308ddbe73b3e449caef9ae2ba5040a"
        },
        {
          "type": "icon",
          "assetId": "xGR87mEf2QZ-",
          "checksum": "18f79eb32345f4c82894d69c63cc61ed"
        },
        {
          "type": "icon",
          "assetId": "5OFISD0gZaNc",
          "checksum": "a10aa3bffdb5237408bbc410df7510ba"
        },
        {
          "type": "icon",
          "assetId": "mpxlxEDeHDVB",
          "checksum": "0c1e267cac161968600e94ebb976ead3"
        },
        {
          "type": "icon",
          "assetId": "Nr9-xhQkq1Cc",
          "checksum": "583a731f871fb6b4299a998e8fa3ca3d"
        },
        {
          "type": "icon",
          "assetId": "YbPHTgQhvfsG",
          "checksum": "1eae0905b24eb9a35d053fffbde5f6bc"
        },
        {
          "type": "icon",
          "assetId": "vvChHvW7rAHg",
          "checksum": "b708ba89a9ebbe0b04ae0c4f0ad2adf5"
        },
        {
          "type": "icon",
          "assetId": "xk-FIjWptLhs",
          "checksum": "aab8d8b91eca48dc6d83bbfa400697e3"
        },
        {
          "type": "icon",
          "assetId": "jf9sHlWtS1Ib",
          "checksum": "94522d10ec60ce1008f76130e58fea08"
        },
        {
          "type": "icon",
          "assetId": "5byc4-5aPgwY",
          "checksum": "066ded278f0f37da174d37081e7729ca"
        },
        {
          "type": "icon",
          "assetId": "TlrRvGVF3293",
          "checksum": "253236b3853a11c06f110c38af28d8cd"
        },
        {
          "type": "icon",
          "assetId": "9ZMESpBe44sM",
          "checksum": "c9749f933d0a6fe48018acf0d2e0c9dc"
        },
        {
          "type": "icon",
          "assetId": "k7FPJY6pHLI5",
          "checksum": "4286c2f363032173eb1ff297959691ca"
        },
        {
          "type": "icon",
          "assetId": "eX23dngiMLKs",
          "checksum": "093558f27bc8c31f138850daad7fe7e2"
        },
        {
          "type": "icon",
          "assetId": "4OxJbvnKOFTR",
          "checksum": "96edb79c87e2302f9ddd40399fe670f7"
        },
        {
          "type": "icon",
          "assetId": "WB8nm5pl1YhY",
          "checksum": "750e95f657b96a42d6be94abfd9e8e17"
        },
        {
          "type": "icon",
          "assetId": "Bn5volAu4N20",
          "checksum": "222774d2136a776450036f2bdf3f3192"
        },
        {
          "assetId": "wsRXF2j5MAPa2EH2XkCbWH",
          "type": "projectCss",
          "checksum": "43214a040fe57e330bd36f4f97389848"
        }
      ]
    }
  ],
  "cliVersion": "0.1.166"
}
